{
  "name": "textile-yarns-units-converter",
  "version": "0.0.4",
  "lockfileVersion": 1,
  "requires": true,
  "dependencies": {
    "@angular/animations": {
      "version": "12.2.11",
      "resolved": "https://registry.npmjs.org/@angular/animations/-/animations-12.2.11.tgz",
      "integrity": "sha512-J6tXNCEgI3SYPfFy9F0QDQNx0g4F8gfJA05iaf6scpZvqziQ80g0vwrBQdV6JqkFvSPQqLJDxyIxDQJSrCt8YA==",
      "requires": {
        "tslib": "^2.2.0"
      }
    },
    "@angular/cdk": {
      "version": "12.2.11",
      "resolved": "https://registry.npmjs.org/@angular/cdk/-/cdk-12.2.11.tgz",
      "integrity": "sha512-GgBB3NdVSv6RnDDOMspeLGg3uCbbmWIEIQ9VIqT5TWXWnljd2EANOQWdLu+fkmRzJn66FFdlTtJ6rHYoY/oBkA==",
      "requires": {
        "parse5": "^5.0.0",
        "tslib": "^2.2.0"
      }
    },
    "@angular/material": {
      "version": "12.2.11",
      "resolved": "https://registry.npmjs.org/@angular/material/-/material-12.2.11.tgz",
      "integrity": "sha512-3SIraessvZRfUgUA9LsJ0OUmvdm0ePj4v81l5uMRF9uUMVoM6OrW8MmIMzS1vAoHz9bpDakx5Xz3yqgZGco5Zw==",
      "requires": {
        "tslib": "^2.2.0"
      }
    },
    "@electron/remote": {
      "version": "1.2.0",
      "resolved": "https://registry.npmjs.org/@electron/remote/-/remote-1.2.0.tgz",
      "integrity": "sha512-C774t2DFVJsa+dxU9Gc2nYzylRZoJ79I0Sxrh8T9cN69fBkntfGbyBEQiD9UfZopqL0CYLzk1anY2Ywhql6h1w=="
    },
    "parse5": {
      "version": "5.1.1",
      "resolved": "https://registry.npmjs.org/parse5/-/parse5-5.1.1.tgz",
      "integrity": "sha512-ugq4DFI0Ptb+WWjAdOK16+u/nHfiIrcE+sh8kZMaM0WllQKLI9rOUq6c2b7cwPkXdzfQESqvoqK6ug7U/Yyzug==",
      "optional": true
    },
    "tslib": {
      "version": "2.3.1",
      "resolved": "https://registry.npmjs.org/tslib/-/tslib-2.3.1.tgz",
      "integrity": "sha512-77EbyPPpMz+FRFRuAFlWMtmgUWGe9UOG2Z25NqCwiIjRhOf5iKGuzSe5P2w1laq+FkRy4p+PCuVkJSGkzTEKVw=="
    }
  }
}
